
Microsoft Visual Studio Solution File, Format Version 12.00
# Visual Studio 15
VisualStudioVersion = 15.0.26730.15
MinimumVisualStudioVersion = 10.0.40219.1
Project("{9A19103F-16F7-4668-BE54-9A1E7A4F7556}") = "DSA.Function.Queue", "DSA.Function.Queue\DSA.Function.Queue.csproj", "{88D73373-DCEC-4FDD-A4C3-E544DE7D1B7E}"
EndProject
Project("{FAE04EC0-301F-11D3-BF4B-00C04F79EFBC}") = "DSA.Dummy.Database", "DSA.Dummy.Database\DSA.Dummy.Database.csproj", "{B76CA56F-FB2E-4314-8695-0A57D472E9D2}"
EndProject
Project("{FAE04EC0-301F-11D3-BF4B-00C04F79EFBC}") = "DSA.CosmosDB.DataLayer", "DSA.CosmosDB\DSA.CosmosDB.DataLayer.csproj", "{65079982-7429-46DB-92CB-5E83E65A63C9}"
EndProject
Project("{FAE04EC0-301F-11D3-BF4B-00C04F79EFBC}") = "DSA.Console.CosmosDB", "DSA.Console.CosmosDB\DSA.Console.CosmosDB.csproj", "{5A31DD2E-D8B4-4FE8-A7E2-0FBC68828498}"
EndProject
Project("{FAE04EC0-301F-11D3-BF4B-00C04F79EFBC}") = "DSA.AzureFunction.BusinessLayer", "DSA.AzureFunction.Helper\DSA.AzureFunction.BusinessLayer.csproj", "{0E6C7621-D66B-482D-9184-F5A158D9675F}"
EndProject
Project("{FAE04EC0-301F-11D3-BF4B-00C04F79EFBC}") = "DSA.AzureStorage.Queue", "DSA.AzureStorage.Queue\DSA.AzureStorage.Queue.csproj", "{C079D423-AFDD-4AE4-8A42-3DEE6190C84E}"
EndProject
Project("{FAE04EC0-301F-11D3-BF4B-00C04F79EFBC}") = "DSA.AzureStorage.Queue.Tests", "DSA.AzureStorage.Queue.Tests\DSA.AzureStorage.Queue.Tests.csproj", "{2E3DF5C2-8A38-4A03-86D7-8D463C917E47}"
EndProject
Project("{FAE04EC0-301F-11D3-BF4B-00C04F79EFBC}") = "DSA.PIHelper", "DSA.AzureFunction.APIHelper\DSA.PIHelper.csproj", "{0DC2767A-E939-45EC-86CF-98DC457D1782}"
EndProject
Project("{151D2E53-A2C4-4D7D-83FE-D05416EBD58E}") = "DSA.AzureFunction.LogicApp", "DSA.AzureFunction.LogicApp\DSA.AzureFunction.LogicApp.deployproj", "{D52BBDDB-D757-46B9-AC90-9114421EDD10}"
EndProject
Project("{9A19103F-16F7-4668-BE54-9A1E7A4F7556}") = "DSA.Function.HttpTrigger", "DSA.Function.HttpTrigger\DSA.Function.HttpTrigger.csproj", "{3A896A8B-D745-4F22-8C08-5918597A094A}"
EndProject
Project("{9A19103F-16F7-4668-BE54-9A1E7A4F7556}") = "DSA.ServiceBus", "DSA.ServiceBus\DSA.ServiceBus.csproj", "{C4D47A2C-E647-4663-9A66-361D2422E6D2}"
EndProject
Project("{FAE04EC0-301F-11D3-BF4B-00C04F79EFBC}") = "DSA.AzureFunction.Scheduler", "DSA.AzureFunction.Scheduler\DSA.AzureFunction.Scheduler.csproj", "{DFE87CF7-2AA3-46ED-9C10-1C89B94F3313}"
EndProject
Project("{2150E333-8FDC-42A3-9474-1A3956D46DE8}") = "DSA.KeyVault", "DSA.KeyVault", "{4892BEB1-5865-478C-877B-1DD8CFE74CA5}"
EndProject
Project("{FAE04EC0-301F-11D3-BF4B-00C04F79EFBC}") = "DSA.KeyVault", "DSA.KeyVault\KeyVault\KeyVault\DSA.KeyVault.csproj", "{A8A1A890-175F-4027-B2CF-7B02DDE0DF42}"
EndProject
Project("{CC5FD16D-436D-48AD-A40C-5A424C6E3E79}") = "DSA.KeyVaultClientService", "DSA.KeyVault\KeyVault\AzureWebService\KeyVaultClientService\DSA.KeyVaultClientService.ccproj", "{3B3C9279-CFC1-4D8E-A3E6-52A442832699}"
EndProject
Project("{FAE04EC0-301F-11D3-BF4B-00C04F79EFBC}") = "DSA.KeyVaultClientWebRole", "DSA.KeyVault\KeyVault\AzureWebService\KeyVaultClientWebRole\DSA.KeyVaultClientWebRole.csproj", "{A34AA3C2-7E33-4E08-BD55-04C631ACEBC8}"
EndProject
Project("{FAE04EC0-301F-11D3-BF4B-00C04F79EFBC}") = "DSA.KeyVaultConfigurationManager", "DSA.KeyVault\KeyVault\AzureWebService\KeyVaultConfigurationManager\DSA.KeyVaultConfigurationManager.csproj", "{46B8DB85-0B08-4EDA-976F-FCD6C574B148}"
EndProject
Project("{2150E333-8FDC-42A3-9474-1A3956D46DE8}") = "Scripts", "Scripts", "{A50D64CD-F63D-4139-8E4F-8B3EEBDA3FE6}"
	ProjectSection(SolutionItems) = preProject
		DSA.KeyVault\scripts\GetAppConfigSettings.ps1 = DSA.KeyVault\scripts\GetAppConfigSettings.ps1
		DSA.KeyVault\scripts\GetServiceConfigSettings.ps1 = DSA.KeyVault\scripts\GetServiceConfigSettings.ps1
	EndProjectSection
EndProject
Project("{151D2E53-A2C4-4D7D-83FE-D05416EBD58E}") = "DSA.AzureFunctionTimeLogicApp", "DSA.AzureFunctionTimeLogicApp\DSA.AzureFunctionTimeLogicApp.deployproj", "{F3E96D5B-6EEA-44E9-924C-85FE7033D481}"
EndProject
Project("{151D2E53-A2C4-4D7D-83FE-D05416EBD58E}") = "DSA.AzureLogicApp.Conditions", "DSA.AzureLogicApp.Conditions\DSA.AzureLogicApp.Conditions.deployproj", "{FF3771E9-E933-4839-BCEE-CF9522392896}"
EndProject
Project("{FAE04EC0-301F-11D3-BF4B-00C04F79EFBC}") = "DSA.Azure.Bot", "DSA.Azure.Bot\DSA.Azure.Bot.csproj", "{E770C9E8-2DD3-407F-A5CE-74CA13FB52F6}"
EndProject
Global
	GlobalSection(SolutionConfigurationPlatforms) = preSolution
		Debug|Any CPU = Debug|Any CPU
		Prod|Any CPU = Prod|Any CPU
		Release|Any CPU = Release|Any CPU
		Staging|Any CPU = Staging|Any CPU
	EndGlobalSection
	GlobalSection(ProjectConfigurationPlatforms) = postSolution
		{88D73373-DCEC-4FDD-A4C3-E544DE7D1B7E}.Debug|Any CPU.ActiveCfg = Debug|Any CPU
		{88D73373-DCEC-4FDD-A4C3-E544DE7D1B7E}.Debug|Any CPU.Build.0 = Debug|Any CPU
		{88D73373-DCEC-4FDD-A4C3-E544DE7D1B7E}.Prod|Any CPU.ActiveCfg = Prod|Any CPU
		{88D73373-DCEC-4FDD-A4C3-E544DE7D1B7E}.Prod|Any CPU.Build.0 = Prod|Any CPU
		{88D73373-DCEC-4FDD-A4C3-E544DE7D1B7E}.Release|Any CPU.ActiveCfg = Release|Any CPU
		{88D73373-DCEC-4FDD-A4C3-E544DE7D1B7E}.Release|Any CPU.Build.0 = Release|Any CPU
		{88D73373-DCEC-4FDD-A4C3-E544DE7D1B7E}.Staging|Any CPU.ActiveCfg = Staging|Any CPU
		{88D73373-DCEC-4FDD-A4C3-E544DE7D1B7E}.Staging|Any CPU.Build.0 = Staging|Any CPU
		{B76CA56F-FB2E-4314-8695-0A57D472E9D2}.Debug|Any CPU.ActiveCfg = Debug|Any CPU
		{B76CA56F-FB2E-4314-8695-0A57D472E9D2}.Debug|Any CPU.Build.0 = Debug|Any CPU
		{B76CA56F-FB2E-4314-8695-0A57D472E9D2}.Prod|Any CPU.ActiveCfg = Prod|Any CPU
		{B76CA56F-FB2E-4314-8695-0A57D472E9D2}.Prod|Any CPU.Build.0 = Prod|Any CPU
		{B76CA56F-FB2E-4314-8695-0A57D472E9D2}.Release|Any CPU.ActiveCfg = Release|Any CPU
		{B76CA56F-FB2E-4314-8695-0A57D472E9D2}.Release|Any CPU.Build.0 = Release|Any CPU
		{B76CA56F-FB2E-4314-8695-0A57D472E9D2}.Staging|Any CPU.ActiveCfg = Staging|Any CPU
		{B76CA56F-FB2E-4314-8695-0A57D472E9D2}.Staging|Any CPU.Build.0 = Staging|Any CPU
		{65079982-7429-46DB-92CB-5E83E65A63C9}.Debug|Any CPU.ActiveCfg = Debug|Any CPU
		{65079982-7429-46DB-92CB-5E83E65A63C9}.Debug|Any CPU.Build.0 = Debug|Any CPU
		{65079982-7429-46DB-92CB-5E83E65A63C9}.Prod|Any CPU.ActiveCfg = Prod|Any CPU
		{65079982-7429-46DB-92CB-5E83E65A63C9}.Prod|Any CPU.Build.0 = Prod|Any CPU
		{65079982-7429-46DB-92CB-5E83E65A63C9}.Release|Any CPU.ActiveCfg = Release|Any CPU
		{65079982-7429-46DB-92CB-5E83E65A63C9}.Release|Any CPU.Build.0 = Release|Any CPU
		{65079982-7429-46DB-92CB-5E83E65A63C9}.Staging|Any CPU.ActiveCfg = Staging|Any CPU
		{65079982-7429-46DB-92CB-5E83E65A63C9}.Staging|Any CPU.Build.0 = Staging|Any CPU
		{5A31DD2E-D8B4-4FE8-A7E2-0FBC68828498}.Debug|Any CPU.ActiveCfg = Debug|Any CPU
		{5A31DD2E-D8B4-4FE8-A7E2-0FBC68828498}.Debug|Any CPU.Build.0 = Debug|Any CPU
		{5A31DD2E-D8B4-4FE8-A7E2-0FBC68828498}.Prod|Any CPU.ActiveCfg = Prod|Any CPU
		{5A31DD2E-D8B4-4FE8-A7E2-0FBC68828498}.Prod|Any CPU.Build.0 = Prod|Any CPU
		{5A31DD2E-D8B4-4FE8-A7E2-0FBC68828498}.Release|Any CPU.ActiveCfg = Release|Any CPU
		{5A31DD2E-D8B4-4FE8-A7E2-0FBC68828498}.Release|Any CPU.Build.0 = Release|Any CPU
		{5A31DD2E-D8B4-4FE8-A7E2-0FBC68828498}.Staging|Any CPU.ActiveCfg = Staging|Any CPU
		{5A31DD2E-D8B4-4FE8-A7E2-0FBC68828498}.Staging|Any CPU.Build.0 = Staging|Any CPU
		{0E6C7621-D66B-482D-9184-F5A158D9675F}.Debug|Any CPU.ActiveCfg = Debug|Any CPU
		{0E6C7621-D66B-482D-9184-F5A158D9675F}.Debug|Any CPU.Build.0 = Debug|Any CPU
		{0E6C7621-D66B-482D-9184-F5A158D9675F}.Prod|Any CPU.ActiveCfg = Prod|Any CPU
		{0E6C7621-D66B-482D-9184-F5A158D9675F}.Prod|Any CPU.Build.0 = Prod|Any CPU
		{0E6C7621-D66B-482D-9184-F5A158D9675F}.Release|Any CPU.ActiveCfg = Release|Any CPU
		{0E6C7621-D66B-482D-9184-F5A158D9675F}.Release|Any CPU.Build.0 = Release|Any CPU
		{0E6C7621-D66B-482D-9184-F5A158D9675F}.Staging|Any CPU.ActiveCfg = Staging|Any CPU
		{0E6C7621-D66B-482D-9184-F5A158D9675F}.Staging|Any CPU.Build.0 = Staging|Any CPU
		{C079D423-AFDD-4AE4-8A42-3DEE6190C84E}.Debug|Any CPU.ActiveCfg = Debug|Any CPU
		{C079D423-AFDD-4AE4-8A42-3DEE6190C84E}.Debug|Any CPU.Build.0 = Debug|Any CPU
		{C079D423-AFDD-4AE4-8A42-3DEE6190C84E}.Prod|Any CPU.ActiveCfg = Prod|Any CPU
		{C079D423-AFDD-4AE4-8A42-3DEE6190C84E}.Prod|Any CPU.Build.0 = Prod|Any CPU
		{C079D423-AFDD-4AE4-8A42-3DEE6190C84E}.Release|Any CPU.ActiveCfg = Release|Any CPU
		{C079D423-AFDD-4AE4-8A42-3DEE6190C84E}.Release|Any CPU.Build.0 = Release|Any CPU
		{C079D423-AFDD-4AE4-8A42-3DEE6190C84E}.Staging|Any CPU.ActiveCfg = Staging|Any CPU
		{C079D423-AFDD-4AE4-8A42-3DEE6190C84E}.Staging|Any CPU.Build.0 = Staging|Any CPU
		{2E3DF5C2-8A38-4A03-86D7-8D463C917E47}.Debug|Any CPU.ActiveCfg = Debug|Any CPU
		{2E3DF5C2-8A38-4A03-86D7-8D463C917E47}.Debug|Any CPU.Build.0 = Debug|Any CPU
		{2E3DF5C2-8A38-4A03-86D7-8D463C917E47}.Prod|Any CPU.ActiveCfg = Prod|Any CPU
		{2E3DF5C2-8A38-4A03-86D7-8D463C917E47}.Prod|Any CPU.Build.0 = Prod|Any CPU
		{2E3DF5C2-8A38-4A03-86D7-8D463C917E47}.Release|Any CPU.ActiveCfg = Release|Any CPU
		{2E3DF5C2-8A38-4A03-86D7-8D463C917E47}.Release|Any CPU.Build.0 = Release|Any CPU
		{2E3DF5C2-8A38-4A03-86D7-8D463C917E47}.Staging|Any CPU.ActiveCfg = Staging|Any CPU
		{2E3DF5C2-8A38-4A03-86D7-8D463C917E47}.Staging|Any CPU.Build.0 = Staging|Any CPU
		{0DC2767A-E939-45EC-86CF-98DC457D1782}.Debug|Any CPU.ActiveCfg = Debug|Any CPU
		{0DC2767A-E939-45EC-86CF-98DC457D1782}.Debug|Any CPU.Build.0 = Debug|Any CPU
		{0DC2767A-E939-45EC-86CF-98DC457D1782}.Prod|Any CPU.ActiveCfg = Prod|Any CPU
		{0DC2767A-E939-45EC-86CF-98DC457D1782}.Prod|Any CPU.Build.0 = Prod|Any CPU
		{0DC2767A-E939-45EC-86CF-98DC457D1782}.Release|Any CPU.ActiveCfg = Release|Any CPU
		{0DC2767A-E939-45EC-86CF-98DC457D1782}.Release|Any CPU.Build.0 = Release|Any CPU
		{0DC2767A-E939-45EC-86CF-98DC457D1782}.Staging|Any CPU.ActiveCfg = Staging|Any CPU
		{0DC2767A-E939-45EC-86CF-98DC457D1782}.Staging|Any CPU.Build.0 = Staging|Any CPU
		{D52BBDDB-D757-46B9-AC90-9114421EDD10}.Debug|Any CPU.ActiveCfg = Debug|Any CPU
		{D52BBDDB-D757-46B9-AC90-9114421EDD10}.Debug|Any CPU.Build.0 = Debug|Any CPU
		{D52BBDDB-D757-46B9-AC90-9114421EDD10}.Prod|Any CPU.ActiveCfg = Prod|Any CPU
		{D52BBDDB-D757-46B9-AC90-9114421EDD10}.Prod|Any CPU.Build.0 = Prod|Any CPU
		{D52BBDDB-D757-46B9-AC90-9114421EDD10}.Release|Any CPU.ActiveCfg = Release|Any CPU
		{D52BBDDB-D757-46B9-AC90-9114421EDD10}.Release|Any CPU.Build.0 = Release|Any CPU
		{D52BBDDB-D757-46B9-AC90-9114421EDD10}.Staging|Any CPU.ActiveCfg = Staging|Any CPU
		{D52BBDDB-D757-46B9-AC90-9114421EDD10}.Staging|Any CPU.Build.0 = Staging|Any CPU
		{3A896A8B-D745-4F22-8C08-5918597A094A}.Debug|Any CPU.ActiveCfg = Debug|Any CPU
		{3A896A8B-D745-4F22-8C08-5918597A094A}.Debug|Any CPU.Build.0 = Debug|Any CPU
		{3A896A8B-D745-4F22-8C08-5918597A094A}.Prod|Any CPU.ActiveCfg = Prod|Any CPU
		{3A896A8B-D745-4F22-8C08-5918597A094A}.Prod|Any CPU.Build.0 = Prod|Any CPU
		{3A896A8B-D745-4F22-8C08-5918597A094A}.Release|Any CPU.ActiveCfg = Release|Any CPU
		{3A896A8B-D745-4F22-8C08-5918597A094A}.Release|Any CPU.Build.0 = Release|Any CPU
		{3A896A8B-D745-4F22-8C08-5918597A094A}.Staging|Any CPU.ActiveCfg = Staging|Any CPU
		{3A896A8B-D745-4F22-8C08-5918597A094A}.Staging|Any CPU.Build.0 = Staging|Any CPU
		{C4D47A2C-E647-4663-9A66-361D2422E6D2}.Debug|Any CPU.ActiveCfg = Debug|Any CPU
		{C4D47A2C-E647-4663-9A66-361D2422E6D2}.Debug|Any CPU.Build.0 = Debug|Any CPU
		{C4D47A2C-E647-4663-9A66-361D2422E6D2}.Prod|Any CPU.ActiveCfg = Prod|Any CPU
		{C4D47A2C-E647-4663-9A66-361D2422E6D2}.Prod|Any CPU.Build.0 = Prod|Any CPU
		{C4D47A2C-E647-4663-9A66-361D2422E6D2}.Release|Any CPU.ActiveCfg = Release|Any CPU
		{C4D47A2C-E647-4663-9A66-361D2422E6D2}.Release|Any CPU.Build.0 = Release|Any CPU
		{C4D47A2C-E647-4663-9A66-361D2422E6D2}.Staging|Any CPU.ActiveCfg = Staging|Any CPU
		{C4D47A2C-E647-4663-9A66-361D2422E6D2}.Staging|Any CPU.Build.0 = Staging|Any CPU
		{DFE87CF7-2AA3-46ED-9C10-1C89B94F3313}.Debug|Any CPU.ActiveCfg = Debug|Any CPU
		{DFE87CF7-2AA3-46ED-9C10-1C89B94F3313}.Debug|Any CPU.Build.0 = Debug|Any CPU
		{DFE87CF7-2AA3-46ED-9C10-1C89B94F3313}.Prod|Any CPU.ActiveCfg = Prod|Any CPU
		{DFE87CF7-2AA3-46ED-9C10-1C89B94F3313}.Prod|Any CPU.Build.0 = Prod|Any CPU
		{DFE87CF7-2AA3-46ED-9C10-1C89B94F3313}.Release|Any CPU.ActiveCfg = Release|Any CPU
		{DFE87CF7-2AA3-46ED-9C10-1C89B94F3313}.Release|Any CPU.Build.0 = Release|Any CPU
		{DFE87CF7-2AA3-46ED-9C10-1C89B94F3313}.Staging|Any CPU.ActiveCfg = Staging|Any CPU
		{DFE87CF7-2AA3-46ED-9C10-1C89B94F3313}.Staging|Any CPU.Build.0 = Staging|Any CPU
		{A8A1A890-175F-4027-B2CF-7B02DDE0DF42}.Debug|Any CPU.ActiveCfg = Debug|Any CPU
		{A8A1A890-175F-4027-B2CF-7B02DDE0DF42}.Debug|Any CPU.Build.0 = Debug|Any CPU
		{A8A1A890-175F-4027-B2CF-7B02DDE0DF42}.Prod|Any CPU.ActiveCfg = Prod|Any CPU
		{A8A1A890-175F-4027-B2CF-7B02DDE0DF42}.Prod|Any CPU.Build.0 = Prod|Any CPU
		{A8A1A890-175F-4027-B2CF-7B02DDE0DF42}.Release|Any CPU.ActiveCfg = Release|Any CPU
		{A8A1A890-175F-4027-B2CF-7B02DDE0DF42}.Release|Any CPU.Build.0 = Release|Any CPU
		{A8A1A890-175F-4027-B2CF-7B02DDE0DF42}.Staging|Any CPU.ActiveCfg = Staging|Any CPU
		{A8A1A890-175F-4027-B2CF-7B02DDE0DF42}.Staging|Any CPU.Build.0 = Staging|Any CPU
		{3B3C9279-CFC1-4D8E-A3E6-52A442832699}.Debug|Any CPU.ActiveCfg = Debug|Any CPU
		{3B3C9279-CFC1-4D8E-A3E6-52A442832699}.Debug|Any CPU.Build.0 = Debug|Any CPU
		{3B3C9279-CFC1-4D8E-A3E6-52A442832699}.Prod|Any CPU.ActiveCfg = Prod|Any CPU
		{3B3C9279-CFC1-4D8E-A3E6-52A442832699}.Prod|Any CPU.Build.0 = Prod|Any CPU
		{3B3C9279-CFC1-4D8E-A3E6-52A442832699}.Release|Any CPU.ActiveCfg = Release|Any CPU
		{3B3C9279-CFC1-4D8E-A3E6-52A442832699}.Release|Any CPU.Build.0 = Release|Any CPU
		{3B3C9279-CFC1-4D8E-A3E6-52A442832699}.Staging|Any CPU.ActiveCfg = Staging|Any CPU
		{3B3C9279-CFC1-4D8E-A3E6-52A442832699}.Staging|Any CPU.Build.0 = Staging|Any CPU
		{A34AA3C2-7E33-4E08-BD55-04C631ACEBC8}.Debug|Any CPU.ActiveCfg = Debug|Any CPU
		{A34AA3C2-7E33-4E08-BD55-04C631ACEBC8}.Debug|Any CPU.Build.0 = Debug|Any CPU
		{A34AA3C2-7E33-4E08-BD55-04C631ACEBC8}.Prod|Any CPU.ActiveCfg = Prod|Any CPU
		{A34AA3C2-7E33-4E08-BD55-04C631ACEBC8}.Prod|Any CPU.Build.0 = Prod|Any CPU
		{A34AA3C2-7E33-4E08-BD55-04C631ACEBC8}.Release|Any CPU.ActiveCfg = Release|Any CPU
		{A34AA3C2-7E33-4E08-BD55-04C631ACEBC8}.Release|Any CPU.Build.0 = Release|Any CPU
		{A34AA3C2-7E33-4E08-BD55-04C631ACEBC8}.Staging|Any CPU.ActiveCfg = Staging|Any CPU
		{A34AA3C2-7E33-4E08-BD55-04C631ACEBC8}.Staging|Any CPU.Build.0 = Staging|Any CPU
		{46B8DB85-0B08-4EDA-976F-FCD6C574B148}.Debug|Any CPU.ActiveCfg = Debug|Any CPU
		{46B8DB85-0B08-4EDA-976F-FCD6C574B148}.Debug|Any CPU.Build.0 = Debug|Any CPU
		{46B8DB85-0B08-4EDA-976F-FCD6C574B148}.Prod|Any CPU.ActiveCfg = Prod|Any CPU
		{46B8DB85-0B08-4EDA-976F-FCD6C574B148}.Prod|Any CPU.Build.0 = Prod|Any CPU
		{46B8DB85-0B08-4EDA-976F-FCD6C574B148}.Release|Any CPU.ActiveCfg = Release|Any CPU
		{46B8DB85-0B08-4EDA-976F-FCD6C574B148}.Release|Any CPU.Build.0 = Release|Any CPU
		{46B8DB85-0B08-4EDA-976F-FCD6C574B148}.Staging|Any CPU.ActiveCfg = Staging|Any CPU
		{46B8DB85-0B08-4EDA-976F-FCD6C574B148}.Staging|Any CPU.Build.0 = Staging|Any CPU
		{F3E96D5B-6EEA-44E9-924C-85FE7033D481}.Debug|Any CPU.ActiveCfg = Debug|Any CPU
		{F3E96D5B-6EEA-44E9-924C-85FE7033D481}.Debug|Any CPU.Build.0 = Debug|Any CPU
		{F3E96D5B-6EEA-44E9-924C-85FE7033D481}.Prod|Any CPU.ActiveCfg = Prod|Any CPU
		{F3E96D5B-6EEA-44E9-924C-85FE7033D481}.Prod|Any CPU.Build.0 = Prod|Any CPU
		{F3E96D5B-6EEA-44E9-924C-85FE7033D481}.Release|Any CPU.ActiveCfg = Release|Any CPU
		{F3E96D5B-6EEA-44E9-924C-85FE7033D481}.Release|Any CPU.Build.0 = Release|Any CPU
		{F3E96D5B-6EEA-44E9-924C-85FE7033D481}.Staging|Any CPU.ActiveCfg = Staging|Any CPU
		{F3E96D5B-6EEA-44E9-924C-85FE7033D481}.Staging|Any CPU.Build.0 = Staging|Any CPU
		{FF3771E9-E933-4839-BCEE-CF9522392896}.Debug|Any CPU.ActiveCfg = Debug|Any CPU
		{FF3771E9-E933-4839-BCEE-CF9522392896}.Debug|Any CPU.Build.0 = Debug|Any CPU
		{FF3771E9-E933-4839-BCEE-CF9522392896}.Prod|Any CPU.ActiveCfg = Prod|Any CPU
		{FF3771E9-E933-4839-BCEE-CF9522392896}.Prod|Any CPU.Build.0 = Prod|Any CPU
		{FF3771E9-E933-4839-BCEE-CF9522392896}.Release|Any CPU.ActiveCfg = Release|Any CPU
		{FF3771E9-E933-4839-BCEE-CF9522392896}.Release|Any CPU.Build.0 = Release|Any CPU
		{FF3771E9-E933-4839-BCEE-CF9522392896}.Staging|Any CPU.ActiveCfg = Staging|Any CPU
		{FF3771E9-E933-4839-BCEE-CF9522392896}.Staging|Any CPU.Build.0 = Staging|Any CPU
		{E770C9E8-2DD3-407F-A5CE-74CA13FB52F6}.Debug|Any CPU.ActiveCfg = Debug|Any CPU
		{E770C9E8-2DD3-407F-A5CE-74CA13FB52F6}.Debug|Any CPU.Build.0 = Debug|Any CPU
		{E770C9E8-2DD3-407F-A5CE-74CA13FB52F6}.Prod|Any CPU.ActiveCfg = Prod|Any CPU
		{E770C9E8-2DD3-407F-A5CE-74CA13FB52F6}.Prod|Any CPU.Build.0 = Prod|Any CPU
		{E770C9E8-2DD3-407F-A5CE-74CA13FB52F6}.Release|Any CPU.ActiveCfg = Release|Any CPU
		{E770C9E8-2DD3-407F-A5CE-74CA13FB52F6}.Release|Any CPU.Build.0 = Release|Any CPU
		{E770C9E8-2DD3-407F-A5CE-74CA13FB52F6}.Staging|Any CPU.ActiveCfg = Staging|Any CPU
		{E770C9E8-2DD3-407F-A5CE-74CA13FB52F6}.Staging|Any CPU.Build.0 = Staging|Any CPU
	EndGlobalSection
	GlobalSection(SolutionProperties) = preSolution
		HideSolutionNode = FALSE
	EndGlobalSection
	GlobalSection(NestedProjects) = preSolution
		{A8A1A890-175F-4027-B2CF-7B02DDE0DF42} = {4892BEB1-5865-478C-877B-1DD8CFE74CA5}
		{3B3C9279-CFC1-4D8E-A3E6-52A442832699} = {4892BEB1-5865-478C-877B-1DD8CFE74CA5}
		{A34AA3C2-7E33-4E08-BD55-04C631ACEBC8} = {4892BEB1-5865-478C-877B-1DD8CFE74CA5}
		{46B8DB85-0B08-4EDA-976F-FCD6C574B148} = {4892BEB1-5865-478C-877B-1DD8CFE74CA5}
		{A50D64CD-F63D-4139-8E4F-8B3EEBDA3FE6} = {4892BEB1-5865-478C-877B-1DD8CFE74CA5}
	EndGlobalSection
	GlobalSection(ExtensibilityGlobals) = postSolution
		SolutionGuid = {746E3571-0FC8-4626-B7D5-B940852A042C}
	EndGlobalSection
EndGlobal
